
Microsoft Visual Studio Solution File, Format Version 12.00
# Visual Studio Version 17
VisualStudioVersion = 17.8.34330.188
MinimumVisualStudioVersion = 10.0.40219.1
Project("{FAE04EC0-301F-11D3-BF4B-00C04F79EFBC}") = "prova github", "prova github\prova github.csproj", "{B34720DE-E234-4CD5-BE6A-FA3315946BCC}"
EndProject
Global
	GlobalSection(SolutionConfigurationPlatforms) = preSolution
		Debug|Any CPU = Debug|Any CPU
		Release|Any CPU = Release|Any CPU
	EndGlobalSection
	GlobalSection(ProjectConfigurationPlatforms) = postSolution
		{B34720DE-E234-4CD5-BE6A-FA3315946BCC}.Debug|Any CPU.ActiveCfg = Debug|Any CPU
		{B34720DE-E234-4CD5-BE6A-FA3315946BCC}.Debug|Any CPU.Build.0 = Debug|Any CPU
		{B34720DE-E234-4CD5-BE6A-FA3315946BCC}.Release|Any CPU.ActiveCfg = Release|Any CPU
		{B34720DE-E234-4CD5-BE6A-FA3315946BCC}.Release|Any CPU.Build.0 = Release|Any CPU
	EndGlobalSection
	GlobalSection(SolutionProperties) = preSolution
		HideSolutionNode = FALSE
	EndGlobalSection
	GlobalSection(ExtensibilityGlobals) = postSolution
		SolutionGuid = {C1C8CE67-859B-47C8-B63A-39EA1C339A2B}
	EndGlobalSection
EndGlobal
